<?xml version="1.0" encoding="utf-8"?>
<Project ToolsVersion="4.0" xmlns="http://schemas.microsoft.com/developer/msbuild/2003">
  <ItemGroup>
    <Filter Include="Source Files">
      <UniqueIdentifier>{4FC737F1-C7A5-4376-A066-2A32D752A2FF}</UniqueIdentifier>
      <Extensions>cpp;c;cc;cxx;c++;cppm;ixx;def;odl;idl;hpj;bat;asm;asmx</Extensions>
    </Filter>
    <Filter Include="Header Files">
      <UniqueIdentifier>{93995380-89BD-4b04-88EB-625FBE52EBFB}</UniqueIdentifier>
      <Extensions>h;hh;hpp;hxx;h++;hm;inl;inc;ipp;xsd</Extensions>
    </Filter>
    <Filter Include="Resource Files">
      <UniqueIdentifier>{67DA6AB6-F800-4c08-8B7A-83BB121AAD01}</UniqueIdentifier>
      <Extensions>rc;ico;cur;bmp;dlg;rc2;rct;bin;rgs;gif;jpg;jpeg;jpe;resx;tiff;tif;png;wav;mfcribbon-ms</Extensions>
    </Filter>
    <Filter Include="Header Files\tests">
      <UniqueIdentifier>{397f23eb-4283-47bd-a9f9-e2b999259e4a}</UniqueIdentifier>
    </Filter>
    <Filter Include="Header Files\pl">
      <UniqueIdentifier>{d617afe7-5a9b-4348-90db-ce73bb80ed9f}</UniqueIdentifier>
    </Filter>
    <Filter Include="fmt">
      <UniqueIdentifier>{d0ef9113-9d2f-4a06-8fc8-228e6516f20c}</UniqueIdentifier>
    </Filter>
  </ItemGroup>
  <ItemGroup>
    <ClInclude Include="framework.h">
      <Filter>Header Files</Filter>
    </ClInclude>
    <ClInclude Include="pch.h">
      <Filter>Header Files</Filter>
    </ClInclude>
    <ClInclude Include="..\..\tests\include\test_patterns\test_pattern.hpp">
      <Filter>Header Files\tests</Filter>
    </ClInclude>
    <ClInclude Include="..\..\tests\include\test_patterns\test_pattern_arrays.hpp">
      <Filter>Header Files\tests</Filter>
    </ClInclude>
    <ClInclude Include="..\..\tests\include\test_patterns\test_pattern_attributes.hpp">
      <Filter>Header Files\tests</Filter>
    </ClInclude>
    <ClInclude Include="..\..\tests\include\test_patterns\test_pattern_bitfields.hpp">
      <Filter>Header Files\tests</Filter>
    </ClInclude>
    <ClInclude Include="..\..\tests\include\test_patterns\test_pattern_enums.hpp">
      <Filter>Header Files\tests</Filter>
    </ClInclude>
    <ClInclude Include="..\..\tests\include\test_patterns\test_pattern_example.hpp">
      <Filter>Header Files\tests</Filter>
    </ClInclude>
    <ClInclude Include="..\..\tests\include\test_patterns\test_pattern_extra_semicolon.hpp">
      <Filter>Header Files\tests</Filter>
    </ClInclude>
    <ClInclude Include="..\..\tests\include\test_patterns\test_pattern_failing_assert.hpp">
      <Filter>Header Files\tests</Filter>
    </ClInclude>
    <ClInclude Include="..\..\tests\include\test_patterns\test_pattern_literals.hpp">
      <Filter>Header Files\tests</Filter>
    </ClInclude>
    <ClInclude Include="..\..\tests\include\test_patterns\test_pattern_math.hpp">
      <Filter>Header Files\tests</Filter>
    </ClInclude>
    <ClInclude Include="..\..\tests\include\test_patterns\test_pattern_namespaces.hpp">
      <Filter>Header Files\tests</Filter>
    </ClInclude>
    <ClInclude Include="..\..\tests\include\test_patterns\test_pattern_nested_structs.hpp">
      <Filter>Header Files\tests</Filter>
    </ClInclude>
    <ClInclude Include="..\..\tests\include\test_patterns\test_pattern_padding.hpp">
      <Filter>Header Files\tests</Filter>
    </ClInclude>
    <ClInclude Include="..\..\tests\include\test_patterns\test_pattern_placement.hpp">
      <Filter>Header Files\tests</Filter>
    </ClInclude>
    <ClInclude Include="..\..\tests\include\test_patterns\test_pattern_pointers.hpp">
      <Filter>Header Files\tests</Filter>
    </ClInclude>
    <ClInclude Include="..\..\tests\include\test_patterns\test_pattern_rvalues.hpp">
      <Filter>Header Files\tests</Filter>
    </ClInclude>
    <ClInclude Include="..\..\tests\include\test_patterns\test_pattern_structs.hpp">
      <Filter>Header Files\tests</Filter>
    </ClInclude>
    <ClInclude Include="..\..\tests\include\test_patterns\test_pattern_succeeding_assert.hpp">
      <Filter>Header Files\tests</Filter>
    </ClInclude>
    <ClInclude Include="..\..\tests\include\test_patterns\test_pattern_unions.hpp">
      <Filter>Header Files\tests</Filter>
    </ClInclude>
    <ClInclude Include="..\..\lib\include\pl.hpp">
      <Filter>Header Files\pl</Filter>
    </ClInclude>
    <ClInclude Include="..\..\external\fmt\include\fmt\args.h">
      <Filter>fmt</Filter>
    </ClInclude>
    <ClInclude Include="..\..\external\fmt\include\fmt\chrono.h">
      <Filter>fmt</Filter>
    </ClInclude>
    <ClInclude Include="..\..\external\fmt\include\fmt\color.h">
      <Filter>fmt</Filter>
    </ClInclude>
    <ClInclude Include="..\..\external\fmt\include\fmt\compile.h">
      <Filter>fmt</Filter>
    </ClInclude>
    <ClInclude Include="..\..\external\fmt\include\fmt\core.h">
      <Filter>fmt</Filter>
    </ClInclude>
    <ClInclude Include="..\..\external\fmt\include\fmt\format.h">
      <Filter>fmt</Filter>
    </ClInclude>
    <ClInclude Include="..\..\external\fmt\include\fmt\format-inl.h">
      <Filter>fmt</Filter>
    </ClInclude>
    <ClInclude Include="..\..\external\fmt\include\fmt\os.h">
      <Filter>fmt</Filter>
    </ClInclude>
    <ClInclude Include="..\..\external\fmt\include\fmt\ostream.h">
      <Filter>fmt</Filter>
    </ClInclude>
    <ClInclude Include="..\..\external\fmt\include\fmt\printf.h">
      <Filter>fmt</Filter>
    </ClInclude>
    <ClInclude Include="..\..\external\fmt\include\fmt\ranges.h">
      <Filter>fmt</Filter>
    </ClInclude>
    <ClInclude Include="..\..\external\fmt\include\fmt\std.h">
      <Filter>fmt</Filter>
    </ClInclude>
    <ClInclude Include="..\..\external\fmt\include\fmt\xchar.h">
      <Filter>fmt</Filter>
    </ClInclude>
  </ItemGroup>
  <ItemGroup>
    <ClCompile Include="pch.cpp">
      <Filter>Source Files</Filter>
    </ClCompile>
    <ClCompile Include="..\..\tests\source\main.cpp">
      <Filter>Source Files</Filter>
    </ClCompile>
    <ClCompile Include="..\..\tests\source\tests.cpp">
      <Filter>Source Files</Filter>
    </ClCompile>
    <ClCompile Include="..\..\external\fmt\src\format.cc">
      <Filter>fmt</Filter>
    </ClCompile>
    <ClCompile Include="..\..\external\fmt\src\os.cc">
      <Filter>fmt</Filter>
    </ClCompile>
  </ItemGroup>
</Project>